
Microsoft Visual Studio Solution File, Format Version 12.00
# Visual Studio 15
VisualStudioVersion = 15.0.27703.2035
MinimumVisualStudioVersion = 10.0.40219.1
Project("{FAE04EC0-301F-11D3-BF4B-00C04F79EFBC}") = "Study", "Study\Study.csproj", "{C1308210-4C94-4046-810C-B729A9BF9346}"
EndProject
Global
	GlobalSection(SolutionConfigurationPlatforms) = preSolution
		Debug|Any CPU = Debug|Any CPU
		Release|Any CPU = Release|Any CPU
	EndGlobalSection
	GlobalSection(ProjectConfigurationPlatforms) = postSolution
		{C1308210-4C94-4046-810C-B729A9BF9346}.Debug|Any CPU.ActiveCfg = Debug|Any CPU
		{C1308210-4C94-4046-810C-B729A9BF9346}.Debug|Any CPU.Build.0 = Debug|Any CPU
		{C1308210-4C94-4046-810C-B729A9BF9346}.Release|Any CPU.ActiveCfg = Release|Any CPU
		{C1308210-4C94-4046-810C-B729A9BF9346}.Release|Any CPU.Build.0 = Release|Any CPU
	EndGlobalSection
	GlobalSection(SolutionProperties) = preSolution
		HideSolutionNode = FALSE
	EndGlobalSection
	GlobalSection(ExtensibilityGlobals) = postSolution
		SolutionGuid = {C6BE37EC-38C8-43C4-A448-9E0C9E35D041}
	EndGlobalSection
EndGlobal
